
Microsoft Visual Studio Solution File, Format Version 12.00
# Visual Studio Version 17
VisualStudioVersion = 17.4.33103.184
MinimumVisualStudioVersion = 10.0.40219.1
Project("{9A19103F-16F7-4668-BE54-9A1E7A4F7556}") = "AdventOfCode2022", "AdventOfCode2022\AdventOfCode2022.csproj", "{00986DE0-9884-42F4-8CBC-55BD69296178}"
EndProject
Project("{9A19103F-16F7-4668-BE54-9A1E7A4F7556}") = "Day01", "Day01\Day01.csproj", "{590C50E3-CBD5-40AB-ACEF-8096E5BE0A36}"
EndProject
Project("{9A19103F-16F7-4668-BE54-9A1E7A4F7556}") = "Day01Tests", "Day01Tests\Day01Tests.csproj", "{E719A049-057A-43E6-804A-64A8E105C01B}"
	ProjectSection(ProjectDependencies) = postProject
		{590C50E3-CBD5-40AB-ACEF-8096E5BE0A36} = {590C50E3-CBD5-40AB-ACEF-8096E5BE0A36}
	EndProjectSection
EndProject
Project("{9A19103F-16F7-4668-BE54-9A1E7A4F7556}") = "Utilities", "Utilities\Utilities.csproj", "{095AF7B9-3417-4B5B-9F51-479E8E155812}"
EndProject
Project("{FAE04EC0-301F-11D3-BF4B-00C04F79EFBC}") = "Day02", "Day02\Day02.csproj", "{007911C1-06D5-4AD8-A086-5BC95FC5A0D2}"
EndProject
Project("{FAE04EC0-301F-11D3-BF4B-00C04F79EFBC}") = "Day02Tests", "Day02Tests\Day02Tests.csproj", "{E8C4D955-538C-4E03-ACBE-5C4FD1CE8F5E}"
EndProject
Global
	GlobalSection(SolutionConfigurationPlatforms) = preSolution
		Debug|Any CPU = Debug|Any CPU
		Release|Any CPU = Release|Any CPU
	EndGlobalSection
	GlobalSection(ProjectConfigurationPlatforms) = postSolution
		{00986DE0-9884-42F4-8CBC-55BD69296178}.Debug|Any CPU.ActiveCfg = Debug|Any CPU
		{00986DE0-9884-42F4-8CBC-55BD69296178}.Debug|Any CPU.Build.0 = Debug|Any CPU
		{00986DE0-9884-42F4-8CBC-55BD69296178}.Release|Any CPU.ActiveCfg = Release|Any CPU
		{00986DE0-9884-42F4-8CBC-55BD69296178}.Release|Any CPU.Build.0 = Release|Any CPU
		{590C50E3-CBD5-40AB-ACEF-8096E5BE0A36}.Debug|Any CPU.ActiveCfg = Debug|Any CPU
		{590C50E3-CBD5-40AB-ACEF-8096E5BE0A36}.Debug|Any CPU.Build.0 = Debug|Any CPU
		{590C50E3-CBD5-40AB-ACEF-8096E5BE0A36}.Release|Any CPU.ActiveCfg = Release|Any CPU
		{590C50E3-CBD5-40AB-ACEF-8096E5BE0A36}.Release|Any CPU.Build.0 = Release|Any CPU
		{E719A049-057A-43E6-804A-64A8E105C01B}.Debug|Any CPU.ActiveCfg = Debug|Any CPU
		{E719A049-057A-43E6-804A-64A8E105C01B}.Debug|Any CPU.Build.0 = Debug|Any CPU
		{E719A049-057A-43E6-804A-64A8E105C01B}.Release|Any CPU.ActiveCfg = Release|Any CPU
		{E719A049-057A-43E6-804A-64A8E105C01B}.Release|Any CPU.Build.0 = Release|Any CPU
		{095AF7B9-3417-4B5B-9F51-479E8E155812}.Debug|Any CPU.ActiveCfg = Debug|Any CPU
		{095AF7B9-3417-4B5B-9F51-479E8E155812}.Debug|Any CPU.Build.0 = Debug|Any CPU
		{095AF7B9-3417-4B5B-9F51-479E8E155812}.Release|Any CPU.ActiveCfg = Release|Any CPU
		{095AF7B9-3417-4B5B-9F51-479E8E155812}.Release|Any CPU.Build.0 = Release|Any CPU
		{007911C1-06D5-4AD8-A086-5BC95FC5A0D2}.Debug|Any CPU.ActiveCfg = Debug|Any CPU
		{007911C1-06D5-4AD8-A086-5BC95FC5A0D2}.Debug|Any CPU.Build.0 = Debug|Any CPU
		{007911C1-06D5-4AD8-A086-5BC95FC5A0D2}.Release|Any CPU.ActiveCfg = Release|Any CPU
		{007911C1-06D5-4AD8-A086-5BC95FC5A0D2}.Release|Any CPU.Build.0 = Release|Any CPU
		{E8C4D955-538C-4E03-ACBE-5C4FD1CE8F5E}.Debug|Any CPU.ActiveCfg = Debug|Any CPU
		{E8C4D955-538C-4E03-ACBE-5C4FD1CE8F5E}.Debug|Any CPU.Build.0 = Debug|Any CPU
		{E8C4D955-538C-4E03-ACBE-5C4FD1CE8F5E}.Release|Any CPU.ActiveCfg = Release|Any CPU
		{E8C4D955-538C-4E03-ACBE-5C4FD1CE8F5E}.Release|Any CPU.Build.0 = Release|Any CPU
	EndGlobalSection
	GlobalSection(SolutionProperties) = preSolution
		HideSolutionNode = FALSE
	EndGlobalSection
	GlobalSection(ExtensibilityGlobals) = postSolution
		SolutionGuid = {33F59890-1836-42D4-95A9-9AA340DBE03E}
	EndGlobalSection
EndGlobal
